<?xml version="1.0" encoding="utf-8"?>
<Project ToolsVersion="4.0" xmlns="http://schemas.microsoft.com/developer/msbuild/2003">
  <ItemGroup>
    <ResourceCompile Include="icon.rc" />
  </ItemGroup>
  <ItemGroup>
    <Filter Include="src">
      <UniqueIdentifier>{cbdbde50-7ffd-4567-90a6-56ad85472e33}</UniqueIdentifier>
    </Filter>
    <Filter Include="src\rtGraphics">
      <UniqueIdentifier>{98fd35b3-6c03-446f-80bd-7ca0480b92f0}</UniqueIdentifier>
    </Filter>
  </ItemGroup>
  <ItemGroup>
    <ClCompile Include="src\main.cpp">
      <Filter>src</Filter>
    </ClCompile>
    <ClCompile Include="src\ofApp.cpp">
      <Filter>src</Filter>
    </ClCompile>
    <ClCompile Include="src\rtGraphics\rtVec3f.cpp">
      <Filter>src\rtGraphics</Filter>
    </ClCompile>
  </ItemGroup>
  <ItemGroup>
    <ClInclude Include="src\ofApp.h">
      <Filter>src</Filter>
    </ClInclude>
    <ClInclude Include="src\rtGraphics\rtCam.h">
      <Filter>src\rtGraphics</Filter>
    </ClInclude>
    <ClInclude Include="src\rtGraphics\rtScene.h">
      <Filter>src\rtGraphics</Filter>
    </ClInclude>
    <ClInclude Include="src\rtGraphics\rtMain.h">
      <Filter>src\rtGraphics</Filter>
    </ClInclude>
    <ClInclude Include="src\rtGraphics\rtVec3f.h">
      <Filter>src\rtGraphics</Filter>
    </ClInclude>
    <ClInclude Include="src\rtGraphics\rtColor.h">
      <Filter>src\rtGraphics</Filter>
    </ClInclude>
    <ClInclude Include="src\rtGraphics\rtMat.h">
      <Filter>src\rtGraphics</Filter>
    </ClInclude>
    <ClInclude Include="src\rtGraphics\rtNode.h">
      <Filter>src\rtGraphics</Filter>
    </ClInclude>
    <ClInclude Include="src\rtGraphics\rtObject.h">
      <Filter>src\rtGraphics</Filter>
    </ClInclude>
    <ClInclude Include="src\rtGraphics\rtMesh.h">
      <Filter>src\rtGraphics</Filter>
    </ClInclude>
    <ClInclude Include="src\rtGraphics\rtLight.h">
      <Filter>src\rtGraphics</Filter>
    </ClInclude>
    <ClInclude Include="src\rtGraphics\rtRenderer.h">
      <Filter>src\rtGraphics</Filter>
    </ClInclude>
  </ItemGroup>
</Project>